
Microsoft Visual Studio Solution File, Format Version 12.00
# Visual Studio Version 17
VisualStudioVersion = 17.0.31903.59
MinimumVisualStudioVersion = 10.0.40219.1
Project("{2150E333-8FDC-42A3-9474-1A3956D46DE8}") = "Task0", "Task0", "{27E80A1A-B3ED-460A-BA1C-CD7F94786F4C}"
EndProject
Project("{FAE04EC0-301F-11D3-BF4B-00C04F79EFBC}") = "Tyuiu.PolevshikovVY.Sprint0.Task0.V0", "Task0\Tyuiu.PolevshikovVY.Sprint0.Task0.V0\Tyuiu.PolevshikovVY.Sprint0.Task0.V0.csproj", "{14D86A76-F20D-47FB-BC45-CF638D14A681}"
EndProject
Project("{2150E333-8FDC-42A3-9474-1A3956D46DE8}") = "Task1", "Task1", "{0A448F95-2CB4-427D-8F44-37709B493E11}"
EndProject
Project("{FAE04EC0-301F-11D3-BF4B-00C04F79EFBC}") = "Tyuiu.PolevshikovVY.Sprint0.Task1.V0", "Task1\Tyuiu.PolevshikovVY.Sprint0.Task1.V0\Tyuiu.PolevshikovVY.Sprint0.Task1.V0.csproj", "{97C09F2F-8E6E-4BFA-96A0-51A9145F2702}"
EndProject
Project("{2150E333-8FDC-42A3-9474-1A3956D46DE8}") = "Task2", "Task2", "{08CF446C-3FA2-4C8A-9001-CAC6201FF21A}"
EndProject
Project("{FAE04EC0-301F-11D3-BF4B-00C04F79EFBC}") = "Tyuiu.PolevshikovVY.Sprint0.Task2.V0", "Task2\Tyuiu.PolevshikovVY.Sprint0.Task2.V0\Tyuiu.PolevshikovVY.Sprint0.Task2.V0.csproj", "{8F87531C-44CA-418C-9091-BE4466702CD1}"
EndProject
Project("{FAE04EC0-301F-11D3-BF4B-00C04F79EFBC}") = "Tyuiu.PolevshikovVY.Sprint0.Task2.V0.Lib", "Task2\Tyuiu.PolevshikovVY.Sprint0.Task2.V0.Lib\Tyuiu.PolevshikovVY.Sprint0.Task2.V0.Lib.csproj", "{659783E2-AA7C-45D8-8587-9508A23FD47A}"
EndProject
Project("{FAE04EC0-301F-11D3-BF4B-00C04F79EFBC}") = "Tyuiu.PolevshikovVY.Sprint0.Task2.V0.Test", "Task2\Tyuiu.PolevshikovVY.Sprint0.Task2.V0.Test\Tyuiu.PolevshikovVY.Sprint0.Task2.V0.Test.csproj", "{91DFCE8B-23C4-4B89-B3A2-A87E4E2481EA}"
EndProject
Global
	GlobalSection(SolutionConfigurationPlatforms) = preSolution
		Debug|Any CPU = Debug|Any CPU
		Release|Any CPU = Release|Any CPU
	EndGlobalSection
	GlobalSection(SolutionProperties) = preSolution
		HideSolutionNode = FALSE
	EndGlobalSection
	GlobalSection(ProjectConfigurationPlatforms) = postSolution
		{14D86A76-F20D-47FB-BC45-CF638D14A681}.Debug|Any CPU.ActiveCfg = Debug|Any CPU
		{14D86A76-F20D-47FB-BC45-CF638D14A681}.Debug|Any CPU.Build.0 = Debug|Any CPU
		{14D86A76-F20D-47FB-BC45-CF638D14A681}.Release|Any CPU.ActiveCfg = Release|Any CPU
		{14D86A76-F20D-47FB-BC45-CF638D14A681}.Release|Any CPU.Build.0 = Release|Any CPU
		{97C09F2F-8E6E-4BFA-96A0-51A9145F2702}.Debug|Any CPU.ActiveCfg = Debug|Any CPU
		{97C09F2F-8E6E-4BFA-96A0-51A9145F2702}.Debug|Any CPU.Build.0 = Debug|Any CPU
		{97C09F2F-8E6E-4BFA-96A0-51A9145F2702}.Release|Any CPU.ActiveCfg = Release|Any CPU
		{97C09F2F-8E6E-4BFA-96A0-51A9145F2702}.Release|Any CPU.Build.0 = Release|Any CPU
		{8F87531C-44CA-418C-9091-BE4466702CD1}.Debug|Any CPU.ActiveCfg = Debug|Any CPU
		{8F87531C-44CA-418C-9091-BE4466702CD1}.Debug|Any CPU.Build.0 = Debug|Any CPU
		{8F87531C-44CA-418C-9091-BE4466702CD1}.Release|Any CPU.ActiveCfg = Release|Any CPU
		{8F87531C-44CA-418C-9091-BE4466702CD1}.Release|Any CPU.Build.0 = Release|Any CPU
		{659783E2-AA7C-45D8-8587-9508A23FD47A}.Debug|Any CPU.ActiveCfg = Debug|Any CPU
		{659783E2-AA7C-45D8-8587-9508A23FD47A}.Debug|Any CPU.Build.0 = Debug|Any CPU
		{659783E2-AA7C-45D8-8587-9508A23FD47A}.Release|Any CPU.ActiveCfg = Release|Any CPU
		{659783E2-AA7C-45D8-8587-9508A23FD47A}.Release|Any CPU.Build.0 = Release|Any CPU
		{91DFCE8B-23C4-4B89-B3A2-A87E4E2481EA}.Debug|Any CPU.ActiveCfg = Debug|Any CPU
		{91DFCE8B-23C4-4B89-B3A2-A87E4E2481EA}.Debug|Any CPU.Build.0 = Debug|Any CPU
		{91DFCE8B-23C4-4B89-B3A2-A87E4E2481EA}.Release|Any CPU.ActiveCfg = Release|Any CPU
		{91DFCE8B-23C4-4B89-B3A2-A87E4E2481EA}.Release|Any CPU.Build.0 = Release|Any CPU
	EndGlobalSection
	GlobalSection(NestedProjects) = preSolution
		{14D86A76-F20D-47FB-BC45-CF638D14A681} = {27E80A1A-B3ED-460A-BA1C-CD7F94786F4C}
		{97C09F2F-8E6E-4BFA-96A0-51A9145F2702} = {0A448F95-2CB4-427D-8F44-37709B493E11}
		{8F87531C-44CA-418C-9091-BE4466702CD1} = {08CF446C-3FA2-4C8A-9001-CAC6201FF21A}
		{659783E2-AA7C-45D8-8587-9508A23FD47A} = {08CF446C-3FA2-4C8A-9001-CAC6201FF21A}
		{91DFCE8B-23C4-4B89-B3A2-A87E4E2481EA} = {08CF446C-3FA2-4C8A-9001-CAC6201FF21A}
	EndGlobalSection
EndGlobal
