
Microsoft Visual Studio Solution File, Format Version 12.00
# Visual Studio Version 17
VisualStudioVersion = 17.0.31903.59
MinimumVisualStudioVersion = 10.0.40219.1
Project("{2150E333-8FDC-42A3-9474-1A3956D46DE8}") = "Task0", "Task0", "{27E80A1A-B3ED-460A-BA1C-CD7F94786F4C}"
EndProject
Project("{FAE04EC0-301F-11D3-BF4B-00C04F79EFBC}") = "Tyuiu.PolevshikovVY.Sprint0.Task0.V0", "Task0\Tyuiu.PolevshikovVY.Sprint0.Task0.V0\Tyuiu.PolevshikovVY.Sprint0.Task0.V0.csproj", "{14D86A76-F20D-47FB-BC45-CF638D14A681}"
EndProject
Project("{2150E333-8FDC-42A3-9474-1A3956D46DE8}") = "Task1", "Task1", "{0A448F95-2CB4-427D-8F44-37709B493E11}"
EndProject
Project("{FAE04EC0-301F-11D3-BF4B-00C04F79EFBC}") = "Tyuiu.PolevshikovVY.Sprint0.Task1.V0", "Task1\Tyuiu.PolevshikovVY.Sprint0.Task1.V0\Tyuiu.PolevshikovVY.Sprint0.Task1.V0.csproj", "{97C09F2F-8E6E-4BFA-96A0-51A9145F2702}"
EndProject
Project("{2150E333-8FDC-42A3-9474-1A3956D46DE8}") = "Task2", "Task2", "{08CF446C-3FA2-4C8A-9001-CAC6201FF21A}"
EndProject
Project("{FAE04EC0-301F-11D3-BF4B-00C04F79EFBC}") = "Tyuiu.PolevshikovVY.Sprint0.Task2.V0", "Task2\Tyuiu.PolevshikovVY.Sprint0.Task2.V0\Tyuiu.PolevshikovVY.Sprint0.Task2.V0.csproj", "{8F87531C-44CA-418C-9091-BE4466702CD1}"
EndProject
Project("{FAE04EC0-301F-11D3-BF4B-00C04F79EFBC}") = "Tyuiu.PolevshikovVY.Sprint0.Task2.V0.Lib", "Task2\Tyuiu.PolevshikovVY.Sprint0.Task2.V0.Lib\Tyuiu.PolevshikovVY.Sprint0.Task2.V0.Lib.csproj", "{659783E2-AA7C-45D8-8587-9508A23FD47A}"
EndProject
Project("{FAE04EC0-301F-11D3-BF4B-00C04F79EFBC}") = "Tyuiu.PolevshikovVY.Sprint0.Task2.V0.Test", "Task2\Tyuiu.PolevshikovVY.Sprint0.Task2.V0.Test\Tyuiu.PolevshikovVY.Sprint0.Task2.V0.Test.csproj", "{91DFCE8B-23C4-4B89-B3A2-A87E4E2481EA}"
EndProject
Project("{2150E333-8FDC-42A3-9474-1A3956D46DE8}") = "Task3", "Task3", "{79ED979B-E7B0-4D0A-A199-0BF740C538A8}"
EndProject
Project("{FAE04EC0-301F-11D3-BF4B-00C04F79EFBC}") = "Tyuiu.PolevshikovVY.Sprint0.Task3.V0", "Task3\Tyuiu.PolevshikovVY.Sprint0.Task3.V0\Tyuiu.PolevshikovVY.Sprint0.Task3.V0.csproj", "{CB21F167-F6C1-4C31-8C3F-5894CEA3FC63}"
EndProject
Project("{FAE04EC0-301F-11D3-BF4B-00C04F79EFBC}") = "Tyuiu.PolevshikovVY.Sprint0.Task3.V0.Lib", "Task3\Tyuiu.PolevshikovVY.Sprint0.Task3.V0.Lib\Tyuiu.PolevshikovVY.Sprint0.Task3.V0.Lib.csproj", "{38CD3453-E557-4C63-B624-FDC26C58C00B}"
EndProject
Project("{FAE04EC0-301F-11D3-BF4B-00C04F79EFBC}") = "Tyuiu.PolevshikovVY.Sprint0.Task3.V0.Test", "Task3\Tyuiu.PolevshikovVY.Sprint0.Task3.V0.Test\Tyuiu.PolevshikovVY.Sprint0.Task3.V0.Test.csproj", "{AF7660B7-4FE7-44FA-8980-479ED2B76562}"
EndProject
Project("{2150E333-8FDC-42A3-9474-1A3956D46DE8}") = "Task4", "Task4", "{EDB96435-91DF-449E-AEEB-FA383FA9F4F5}"
EndProject
Project("{FAE04EC0-301F-11D3-BF4B-00C04F79EFBC}") = "Tyuiu.PolevshikovVY.Sprint0.Task4.V0", "Task4\Tyuiu.PolevshikovVY.Sprint0.Task4.V0\Tyuiu.PolevshikovVY.Sprint0.Task4.V0.csproj", "{3AFC24FE-A842-4CD0-9BE6-691E04B3192E}"
EndProject
Project("{FAE04EC0-301F-11D3-BF4B-00C04F79EFBC}") = "Tyuiu.PolevshikovVY.Sprint0.Task4.V0.Lib", "Task4\Tyuiu.PolevshikovVY.Sprint0.Task4.V0.Lib\Tyuiu.PolevshikovVY.Sprint0.Task4.V0.Lib.csproj", "{FB9AA732-1525-434E-8335-EFEB0716E272}"
EndProject
Project("{FAE04EC0-301F-11D3-BF4B-00C04F79EFBC}") = "Tyuiu.PolevshikovVY.Sprint0.Task4.V0.Test", "Task4\Tyuiu.PolevshikovVY.Sprint0.Task4.V0.Test\Tyuiu.PolevshikovVY.Sprint0.Task4.V0.Test.csproj", "{41396420-4715-4FAB-812F-48CFA68D9C4C}"
EndProject
Project("{2150E333-8FDC-42A3-9474-1A3956D46DE8}") = "Task5", "Task5", "{F7C45812-4469-43EC-9ECD-FB4803C9C901}"
EndProject
Project("{FAE04EC0-301F-11D3-BF4B-00C04F79EFBC}") = "Tyuiu.PolevshikovVY.Sprint0.Task5.V0", "Task5\Tyuiu.PolevshikovVY.Sprint0.Task5.V0\Tyuiu.PolevshikovVY.Sprint0.Task5.V0.csproj", "{AF78407A-7154-4293-8272-D32B3CF21309}"
EndProject
Project("{FAE04EC0-301F-11D3-BF4B-00C04F79EFBC}") = "Tyuiu.PolevshikovVY.Sprint0.Task5.V0.Lib", "Task5\Tyuiu.PolevshikovVY.Sprint0.Task5.V0.Lib\Tyuiu.PolevshikovVY.Sprint0.Task5.V0.Lib.csproj", "{0B48F951-4F41-4773-9326-95F5C91737DF}"
EndProject
Project("{FAE04EC0-301F-11D3-BF4B-00C04F79EFBC}") = "Tyuiu.PolevshikovVY.Sprint0.Task5.V0.Test", "Task5\Tyuiu.PolevshikovVY.Sprint0.Task5.V0.Test\Tyuiu.PolevshikovVY.Sprint0.Task5.V0.Test.csproj", "{C527BCC4-795C-4C66-AA90-982E33B4EF30}"
EndProject
Project("{2150E333-8FDC-42A3-9474-1A3956D46DE8}") = "Task6", "Task6", "{F971B5EA-7A4B-4212-AFFB-979F954AF2BE}"
EndProject
Project("{FAE04EC0-301F-11D3-BF4B-00C04F79EFBC}") = "Tyuiu.PolevshikovVY.Sprint0.Task6.V0", "Task6\Tyuiu.PolevshikovVY.Sprint0.Task6.V0\Tyuiu.PolevshikovVY.Sprint0.Task6.V0.csproj", "{926E1AC4-D52A-40D8-BF6D-F873BE430140}"
EndProject
Project("{FAE04EC0-301F-11D3-BF4B-00C04F79EFBC}") = "Tyuiu.PolevshikovVY.Sprint0.Task6.V0.Lib", "Task6\Tyuiu.PolevshikovVY.Sprint0.Task6.V0.Lib\Tyuiu.PolevshikovVY.Sprint0.Task6.V0.Lib.csproj", "{8CA39322-37C4-46C4-B1EB-5713599FB146}"
EndProject
Project("{FAE04EC0-301F-11D3-BF4B-00C04F79EFBC}") = "Tyuiu.PolevshikovVY.Sprint0.Task6.V0.Test", "Task6\Tyuiu.PolevshikovVY.Sprint0.Task6.V0.Test\Tyuiu.PolevshikovVY.Sprint0.Task6.V0.Test.csproj", "{32BD5859-E380-4C8B-AB96-6E4C6A62F9E0}"
EndProject
Project("{2150E333-8FDC-42A3-9474-1A3956D46DE8}") = "Task7", "Task7", "{C19BC3E7-09DD-4F6C-A513-3FA027431BCC}"
EndProject
Project("{FAE04EC0-301F-11D3-BF4B-00C04F79EFBC}") = "Tyuiu.PolevshikovVY.Sprint0.Task7.V0", "Task7\Tyuiu.PolevshikovVY.Sprint0.Task7.V0\Tyuiu.PolevshikovVY.Sprint0.Task7.V0.csproj", "{5459C091-3689-4802-8C1A-8F2AC276A2A6}"
EndProject
Project("{FAE04EC0-301F-11D3-BF4B-00C04F79EFBC}") = "Tyuiu.PolevshikovVY.Sprint0.Task7.V0.Lib", "Task7\Tyuiu.PolevshikovVY.Sprint0.Task7.V0.Lib\Tyuiu.PolevshikovVY.Sprint0.Task7.V0.Lib.csproj", "{6F6145F6-2A20-4EC0-8D2B-95354351DF09}"
EndProject
Project("{FAE04EC0-301F-11D3-BF4B-00C04F79EFBC}") = "Tyuiu.PolevshikovVY.Sprint0.Task7.V0.Test", "Task7\Tyuiu.PolevshikovVY.Sprint0.Task7.V0.Test\Tyuiu.PolevshikovVY.Sprint0.Task7.V0.Test.csproj", "{F6C006BA-03B7-4D91-B52D-47037BF8F6F9}"
EndProject
Global
	GlobalSection(SolutionConfigurationPlatforms) = preSolution
		Debug|Any CPU = Debug|Any CPU
		Release|Any CPU = Release|Any CPU
	EndGlobalSection
	GlobalSection(SolutionProperties) = preSolution
		HideSolutionNode = FALSE
	EndGlobalSection
	GlobalSection(ProjectConfigurationPlatforms) = postSolution
		{14D86A76-F20D-47FB-BC45-CF638D14A681}.Debug|Any CPU.ActiveCfg = Debug|Any CPU
		{14D86A76-F20D-47FB-BC45-CF638D14A681}.Debug|Any CPU.Build.0 = Debug|Any CPU
		{14D86A76-F20D-47FB-BC45-CF638D14A681}.Release|Any CPU.ActiveCfg = Release|Any CPU
		{14D86A76-F20D-47FB-BC45-CF638D14A681}.Release|Any CPU.Build.0 = Release|Any CPU
		{97C09F2F-8E6E-4BFA-96A0-51A9145F2702}.Debug|Any CPU.ActiveCfg = Debug|Any CPU
		{97C09F2F-8E6E-4BFA-96A0-51A9145F2702}.Debug|Any CPU.Build.0 = Debug|Any CPU
		{97C09F2F-8E6E-4BFA-96A0-51A9145F2702}.Release|Any CPU.ActiveCfg = Release|Any CPU
		{97C09F2F-8E6E-4BFA-96A0-51A9145F2702}.Release|Any CPU.Build.0 = Release|Any CPU
		{8F87531C-44CA-418C-9091-BE4466702CD1}.Debug|Any CPU.ActiveCfg = Debug|Any CPU
		{8F87531C-44CA-418C-9091-BE4466702CD1}.Debug|Any CPU.Build.0 = Debug|Any CPU
		{8F87531C-44CA-418C-9091-BE4466702CD1}.Release|Any CPU.ActiveCfg = Release|Any CPU
		{8F87531C-44CA-418C-9091-BE4466702CD1}.Release|Any CPU.Build.0 = Release|Any CPU
		{659783E2-AA7C-45D8-8587-9508A23FD47A}.Debug|Any CPU.ActiveCfg = Debug|Any CPU
		{659783E2-AA7C-45D8-8587-9508A23FD47A}.Debug|Any CPU.Build.0 = Debug|Any CPU
		{659783E2-AA7C-45D8-8587-9508A23FD47A}.Release|Any CPU.ActiveCfg = Release|Any CPU
		{659783E2-AA7C-45D8-8587-9508A23FD47A}.Release|Any CPU.Build.0 = Release|Any CPU
		{91DFCE8B-23C4-4B89-B3A2-A87E4E2481EA}.Debug|Any CPU.ActiveCfg = Debug|Any CPU
		{91DFCE8B-23C4-4B89-B3A2-A87E4E2481EA}.Debug|Any CPU.Build.0 = Debug|Any CPU
		{91DFCE8B-23C4-4B89-B3A2-A87E4E2481EA}.Release|Any CPU.ActiveCfg = Release|Any CPU
		{91DFCE8B-23C4-4B89-B3A2-A87E4E2481EA}.Release|Any CPU.Build.0 = Release|Any CPU
		{CB21F167-F6C1-4C31-8C3F-5894CEA3FC63}.Debug|Any CPU.ActiveCfg = Debug|Any CPU
		{CB21F167-F6C1-4C31-8C3F-5894CEA3FC63}.Debug|Any CPU.Build.0 = Debug|Any CPU
		{CB21F167-F6C1-4C31-8C3F-5894CEA3FC63}.Release|Any CPU.ActiveCfg = Release|Any CPU
		{CB21F167-F6C1-4C31-8C3F-5894CEA3FC63}.Release|Any CPU.Build.0 = Release|Any CPU
		{38CD3453-E557-4C63-B624-FDC26C58C00B}.Debug|Any CPU.ActiveCfg = Debug|Any CPU
		{38CD3453-E557-4C63-B624-FDC26C58C00B}.Debug|Any CPU.Build.0 = Debug|Any CPU
		{38CD3453-E557-4C63-B624-FDC26C58C00B}.Release|Any CPU.ActiveCfg = Release|Any CPU
		{38CD3453-E557-4C63-B624-FDC26C58C00B}.Release|Any CPU.Build.0 = Release|Any CPU
		{AF7660B7-4FE7-44FA-8980-479ED2B76562}.Debug|Any CPU.ActiveCfg = Debug|Any CPU
		{AF7660B7-4FE7-44FA-8980-479ED2B76562}.Debug|Any CPU.Build.0 = Debug|Any CPU
		{AF7660B7-4FE7-44FA-8980-479ED2B76562}.Release|Any CPU.ActiveCfg = Release|Any CPU
		{AF7660B7-4FE7-44FA-8980-479ED2B76562}.Release|Any CPU.Build.0 = Release|Any CPU
		{3AFC24FE-A842-4CD0-9BE6-691E04B3192E}.Debug|Any CPU.ActiveCfg = Debug|Any CPU
		{3AFC24FE-A842-4CD0-9BE6-691E04B3192E}.Debug|Any CPU.Build.0 = Debug|Any CPU
		{3AFC24FE-A842-4CD0-9BE6-691E04B3192E}.Release|Any CPU.ActiveCfg = Release|Any CPU
		{3AFC24FE-A842-4CD0-9BE6-691E04B3192E}.Release|Any CPU.Build.0 = Release|Any CPU
		{FB9AA732-1525-434E-8335-EFEB0716E272}.Debug|Any CPU.ActiveCfg = Debug|Any CPU
		{FB9AA732-1525-434E-8335-EFEB0716E272}.Debug|Any CPU.Build.0 = Debug|Any CPU
		{FB9AA732-1525-434E-8335-EFEB0716E272}.Release|Any CPU.ActiveCfg = Release|Any CPU
		{FB9AA732-1525-434E-8335-EFEB0716E272}.Release|Any CPU.Build.0 = Release|Any CPU
		{41396420-4715-4FAB-812F-48CFA68D9C4C}.Debug|Any CPU.ActiveCfg = Debug|Any CPU
		{41396420-4715-4FAB-812F-48CFA68D9C4C}.Debug|Any CPU.Build.0 = Debug|Any CPU
		{41396420-4715-4FAB-812F-48CFA68D9C4C}.Release|Any CPU.ActiveCfg = Release|Any CPU
		{41396420-4715-4FAB-812F-48CFA68D9C4C}.Release|Any CPU.Build.0 = Release|Any CPU
		{AF78407A-7154-4293-8272-D32B3CF21309}.Debug|Any CPU.ActiveCfg = Debug|Any CPU
		{AF78407A-7154-4293-8272-D32B3CF21309}.Debug|Any CPU.Build.0 = Debug|Any CPU
		{AF78407A-7154-4293-8272-D32B3CF21309}.Release|Any CPU.ActiveCfg = Release|Any CPU
		{AF78407A-7154-4293-8272-D32B3CF21309}.Release|Any CPU.Build.0 = Release|Any CPU
		{0B48F951-4F41-4773-9326-95F5C91737DF}.Debug|Any CPU.ActiveCfg = Debug|Any CPU
		{0B48F951-4F41-4773-9326-95F5C91737DF}.Debug|Any CPU.Build.0 = Debug|Any CPU
		{0B48F951-4F41-4773-9326-95F5C91737DF}.Release|Any CPU.ActiveCfg = Release|Any CPU
		{0B48F951-4F41-4773-9326-95F5C91737DF}.Release|Any CPU.Build.0 = Release|Any CPU
		{C527BCC4-795C-4C66-AA90-982E33B4EF30}.Debug|Any CPU.ActiveCfg = Debug|Any CPU
		{C527BCC4-795C-4C66-AA90-982E33B4EF30}.Debug|Any CPU.Build.0 = Debug|Any CPU
		{C527BCC4-795C-4C66-AA90-982E33B4EF30}.Release|Any CPU.ActiveCfg = Release|Any CPU
		{C527BCC4-795C-4C66-AA90-982E33B4EF30}.Release|Any CPU.Build.0 = Release|Any CPU
		{926E1AC4-D52A-40D8-BF6D-F873BE430140}.Debug|Any CPU.ActiveCfg = Debug|Any CPU
		{926E1AC4-D52A-40D8-BF6D-F873BE430140}.Debug|Any CPU.Build.0 = Debug|Any CPU
		{926E1AC4-D52A-40D8-BF6D-F873BE430140}.Release|Any CPU.ActiveCfg = Release|Any CPU
		{926E1AC4-D52A-40D8-BF6D-F873BE430140}.Release|Any CPU.Build.0 = Release|Any CPU
		{8CA39322-37C4-46C4-B1EB-5713599FB146}.Debug|Any CPU.ActiveCfg = Debug|Any CPU
		{8CA39322-37C4-46C4-B1EB-5713599FB146}.Debug|Any CPU.Build.0 = Debug|Any CPU
		{8CA39322-37C4-46C4-B1EB-5713599FB146}.Release|Any CPU.ActiveCfg = Release|Any CPU
		{8CA39322-37C4-46C4-B1EB-5713599FB146}.Release|Any CPU.Build.0 = Release|Any CPU
		{32BD5859-E380-4C8B-AB96-6E4C6A62F9E0}.Debug|Any CPU.ActiveCfg = Debug|Any CPU
		{32BD5859-E380-4C8B-AB96-6E4C6A62F9E0}.Debug|Any CPU.Build.0 = Debug|Any CPU
		{32BD5859-E380-4C8B-AB96-6E4C6A62F9E0}.Release|Any CPU.ActiveCfg = Release|Any CPU
		{32BD5859-E380-4C8B-AB96-6E4C6A62F9E0}.Release|Any CPU.Build.0 = Release|Any CPU
		{5459C091-3689-4802-8C1A-8F2AC276A2A6}.Debug|Any CPU.ActiveCfg = Debug|Any CPU
		{5459C091-3689-4802-8C1A-8F2AC276A2A6}.Debug|Any CPU.Build.0 = Debug|Any CPU
		{5459C091-3689-4802-8C1A-8F2AC276A2A6}.Release|Any CPU.ActiveCfg = Release|Any CPU
		{5459C091-3689-4802-8C1A-8F2AC276A2A6}.Release|Any CPU.Build.0 = Release|Any CPU
		{6F6145F6-2A20-4EC0-8D2B-95354351DF09}.Debug|Any CPU.ActiveCfg = Debug|Any CPU
		{6F6145F6-2A20-4EC0-8D2B-95354351DF09}.Debug|Any CPU.Build.0 = Debug|Any CPU
		{6F6145F6-2A20-4EC0-8D2B-95354351DF09}.Release|Any CPU.ActiveCfg = Release|Any CPU
		{6F6145F6-2A20-4EC0-8D2B-95354351DF09}.Release|Any CPU.Build.0 = Release|Any CPU
		{F6C006BA-03B7-4D91-B52D-47037BF8F6F9}.Debug|Any CPU.ActiveCfg = Debug|Any CPU
		{F6C006BA-03B7-4D91-B52D-47037BF8F6F9}.Debug|Any CPU.Build.0 = Debug|Any CPU
		{F6C006BA-03B7-4D91-B52D-47037BF8F6F9}.Release|Any CPU.ActiveCfg = Release|Any CPU
		{F6C006BA-03B7-4D91-B52D-47037BF8F6F9}.Release|Any CPU.Build.0 = Release|Any CPU
	EndGlobalSection
	GlobalSection(NestedProjects) = preSolution
		{14D86A76-F20D-47FB-BC45-CF638D14A681} = {27E80A1A-B3ED-460A-BA1C-CD7F94786F4C}
		{97C09F2F-8E6E-4BFA-96A0-51A9145F2702} = {0A448F95-2CB4-427D-8F44-37709B493E11}
		{8F87531C-44CA-418C-9091-BE4466702CD1} = {08CF446C-3FA2-4C8A-9001-CAC6201FF21A}
		{659783E2-AA7C-45D8-8587-9508A23FD47A} = {08CF446C-3FA2-4C8A-9001-CAC6201FF21A}
		{91DFCE8B-23C4-4B89-B3A2-A87E4E2481EA} = {08CF446C-3FA2-4C8A-9001-CAC6201FF21A}
		{CB21F167-F6C1-4C31-8C3F-5894CEA3FC63} = {79ED979B-E7B0-4D0A-A199-0BF740C538A8}
		{38CD3453-E557-4C63-B624-FDC26C58C00B} = {79ED979B-E7B0-4D0A-A199-0BF740C538A8}
		{AF7660B7-4FE7-44FA-8980-479ED2B76562} = {79ED979B-E7B0-4D0A-A199-0BF740C538A8}
		{3AFC24FE-A842-4CD0-9BE6-691E04B3192E} = {EDB96435-91DF-449E-AEEB-FA383FA9F4F5}
		{FB9AA732-1525-434E-8335-EFEB0716E272} = {EDB96435-91DF-449E-AEEB-FA383FA9F4F5}
		{41396420-4715-4FAB-812F-48CFA68D9C4C} = {EDB96435-91DF-449E-AEEB-FA383FA9F4F5}
		{AF78407A-7154-4293-8272-D32B3CF21309} = {F7C45812-4469-43EC-9ECD-FB4803C9C901}
		{0B48F951-4F41-4773-9326-95F5C91737DF} = {F7C45812-4469-43EC-9ECD-FB4803C9C901}
		{C527BCC4-795C-4C66-AA90-982E33B4EF30} = {F7C45812-4469-43EC-9ECD-FB4803C9C901}
		{926E1AC4-D52A-40D8-BF6D-F873BE430140} = {F971B5EA-7A4B-4212-AFFB-979F954AF2BE}
		{8CA39322-37C4-46C4-B1EB-5713599FB146} = {F971B5EA-7A4B-4212-AFFB-979F954AF2BE}
		{32BD5859-E380-4C8B-AB96-6E4C6A62F9E0} = {F971B5EA-7A4B-4212-AFFB-979F954AF2BE}
		{5459C091-3689-4802-8C1A-8F2AC276A2A6} = {C19BC3E7-09DD-4F6C-A513-3FA027431BCC}
		{6F6145F6-2A20-4EC0-8D2B-95354351DF09} = {C19BC3E7-09DD-4F6C-A513-3FA027431BCC}
		{F6C006BA-03B7-4D91-B52D-47037BF8F6F9} = {C19BC3E7-09DD-4F6C-A513-3FA027431BCC}
	EndGlobalSection
EndGlobal
