
Microsoft Visual Studio Solution File, Format Version 12.00
# Visual Studio Version 17
VisualStudioVersion = 17.0.31903.59
MinimumVisualStudioVersion = 10.0.40219.1
Project("{FAE04EC0-301F-11D3-BF4B-00C04F79EFBC}") = "Tyuiu.PolevshikovVY.Sprint0.Task0.V0", "Tyuiu.PolevshikovVY.Sprint0.Task0.V0\Tyuiu.PolevshikovVY.Sprint0.Task0.V0.csproj", "{66667511-82B7-4ABD-8732-195F64E13A5D}"
EndProject
Project("{FAE04EC0-301F-11D3-BF4B-00C04F79EFBC}") = "Tyuiu.PolevshikovVY.Sprint0.Task1.V0", "Tyuiu.PolevshikovVY.Sprint0.Task1.V0\Tyuiu.PolevshikovVY.Sprint0.Task1.V0.csproj", "{6B765753-F36E-4091-A9F7-5DF0D8636A76}"
EndProject
Project("{FAE04EC0-301F-11D3-BF4B-00C04F79EFBC}") = "Tyuiu.PolevshikovVY.Sprint0.Task2.V0", "Tyuiu.PolevshikovVY.Sprint0.Task2.V0\Tyuiu.PolevshikovVY.Sprint0.Task2.V0.csproj", "{7E23292D-10A6-491C-9467-E42BBCD04DD1}"
EndProject
Project("{FAE04EC0-301F-11D3-BF4B-00C04F79EFBC}") = "Tyuiu.PolevshikovVY.Sprint0.Task2.V0.Lib", "Tyuiu.PolevshikovVY.Sprint0.Task2.V0.Lib\Tyuiu.PolevshikovVY.Sprint0.Task2.V0.Lib.csproj", "{CFA379BF-AB87-460F-9632-CE5A5749F1FF}"
EndProject
Project("{FAE04EC0-301F-11D3-BF4B-00C04F79EFBC}") = "Tyuiu.PolevshikovVY.Sprint0.Task2.V0.Test", "Tyuiu.PolevshikovVY.Sprint0.Task2.V0.Test\Tyuiu.PolevshikovVY.Sprint0.Task2.V0.Test.csproj", "{44154BE3-8A59-4009-84C8-33FFE85C8624}"
EndProject
Project("{FAE04EC0-301F-11D3-BF4B-00C04F79EFBC}") = "Tyuiu.PolevshikovVY.Sprint0.Task3.V0", "Tyuiu.PolevshikovVY.Sprint0.Task3.V0\Tyuiu.PolevshikovVY.Sprint0.Task3.V0.csproj", "{57DED2A0-A6A3-4660-9F22-AAEB73CF39DC}"
EndProject
Project("{FAE04EC0-301F-11D3-BF4B-00C04F79EFBC}") = "Tyuiu.PolevshikovVY.Sprint0.Task3.V0.Lib", "Tyuiu.PolevshikovVY.Sprint0.Task3.V0.Lib\Tyuiu.PolevshikovVY.Sprint0.Task3.V0.Lib.csproj", "{BBA9B39B-3858-4D79-B8E1-5FB6A7F7D109}"
EndProject
Project("{FAE04EC0-301F-11D3-BF4B-00C04F79EFBC}") = "Tyuiu.PolevshikovVY.Sprint0.Task3.V0.Test", "Tyuiu.PolevshikovVY.Sprint0.Task3.V0.Test\Tyuiu.PolevshikovVY.Sprint0.Task3.V0.Test.csproj", "{1E7B7511-5825-4CD4-B0DC-82FCD0C0EB78}"
EndProject
Project("{FAE04EC0-301F-11D3-BF4B-00C04F79EFBC}") = "Tyuiu.PolevshikovVY.Sprint0.Task4.V0", "Tyuiu.PolevshikovVY.Sprint0.Task4.V0\Tyuiu.PolevshikovVY.Sprint0.Task4.V0.csproj", "{8EB22C77-C861-4195-B78F-DF128AF96C95}"
EndProject
Project("{FAE04EC0-301F-11D3-BF4B-00C04F79EFBC}") = "Tyuiu.PolevshikovVY.Sprint0.Task4.V0.Lib", "Tyuiu.PolevshikovVY.Sprint0.Task4.V0.Lib\Tyuiu.PolevshikovVY.Sprint0.Task4.V0.Lib.csproj", "{BE27402B-A44A-4878-817C-ED51B294ABC3}"
EndProject
Project("{FAE04EC0-301F-11D3-BF4B-00C04F79EFBC}") = "Tyuiu.PolevshikovVY.Sprint0.Task4.V0.Test", "Tyuiu.PolevshikovVY.Sprint0.Task4.V0.Test\Tyuiu.PolevshikovVY.Sprint0.Task4.V0.Test.csproj", "{CDAA579E-5E75-4DB5-A022-A4E52CE329E2}"
EndProject
Project("{FAE04EC0-301F-11D3-BF4B-00C04F79EFBC}") = "Tyuiu.PolevshikovVY.Sprint0.Task5.V0", "Tyuiu.PolevshikovVY.Sprint0.Task5.V0\Tyuiu.PolevshikovVY.Sprint0.Task5.V0.csproj", "{32C06928-C042-477C-962A-E261EA1AD472}"
EndProject
Project("{FAE04EC0-301F-11D3-BF4B-00C04F79EFBC}") = "Tyuiu.PolevshikovVY.Sprint0.Task5.V0.Lib", "Tyuiu.PolevshikovVY.Sprint0.Task5.V0.Lib\Tyuiu.PolevshikovVY.Sprint0.Task5.V0.Lib.csproj", "{FC5BAA57-4374-4C24-BAF7-CD27D119475E}"
EndProject
Project("{FAE04EC0-301F-11D3-BF4B-00C04F79EFBC}") = "Tyuiu.PolevshikovVY.Sprint0.Task5.V0.Test", "Tyuiu.PolevshikovVY.Sprint0.Task5.V0.Test\Tyuiu.PolevshikovVY.Sprint0.Task5.V0.Test.csproj", "{B5CE93E1-075A-4772-A29C-0764824C24CE}"
EndProject
Project("{FAE04EC0-301F-11D3-BF4B-00C04F79EFBC}") = "Tyuiu.PolevshikovVY.Sprint0.Task6.V0", "Tyuiu.PolevshikovVY.Sprint0.Task6.V0\Tyuiu.PolevshikovVY.Sprint0.Task6.V0.csproj", "{90684A18-EC92-47BF-905B-661343106CB6}"
EndProject
Project("{FAE04EC0-301F-11D3-BF4B-00C04F79EFBC}") = "Tyuiu.PolevshikovVY.Sprint0.Task6.V0.Lib", "Tyuiu.PolevshikovVY.Sprint0.Task6.V0.Lib\Tyuiu.PolevshikovVY.Sprint0.Task6.V0.Lib.csproj", "{7BBF2657-E9B9-4C36-9101-31EDC20F76A1}"
EndProject
Project("{FAE04EC0-301F-11D3-BF4B-00C04F79EFBC}") = "Tyuiu.PolevshikovVY.Sprint0.Task6.V0.Test", "Tyuiu.PolevshikovVY.Sprint0.Task6.V0.Test\Tyuiu.PolevshikovVY.Sprint0.Task6.V0.Test.csproj", "{01013D6B-6F8A-4362-A306-4D1BDECCDC12}"
EndProject
Project("{FAE04EC0-301F-11D3-BF4B-00C04F79EFBC}") = "Tyuiu.PolevshikovVY.Sprint0.Task7.V0", "Tyuiu.PolevshikovVY.Sprint0.Task7.V0\Tyuiu.PolevshikovVY.Sprint0.Task7.V0.csproj", "{E3CF8FCC-294D-47DF-BBA1-AF11F106FA67}"
EndProject
Project("{FAE04EC0-301F-11D3-BF4B-00C04F79EFBC}") = "Tyuiu.PolevshikovVY.Sprint0.Task7.V0.Lib", "Tyuiu.PolevshikovVY.Sprint0.Task7.V0.Lib\Tyuiu.PolevshikovVY.Sprint0.Task7.V0.Lib.csproj", "{5B2FD55D-D876-4179-BCC9-5253AA4F8AD7}"
EndProject
Project("{FAE04EC0-301F-11D3-BF4B-00C04F79EFBC}") = "Tyuiu.PolevshikovVY.Sprint0.Task7.V0.Test", "Tyuiu.PolevshikovVY.Sprint0.Task7.V0.Test\Tyuiu.PolevshikovVY.Sprint0.Task7.V0.Test.csproj", "{D52ACAD0-F5EB-4F6C-AD38-C6F53B80C200}"
EndProject
Global
	GlobalSection(SolutionConfigurationPlatforms) = preSolution
		Debug|Any CPU = Debug|Any CPU
		Release|Any CPU = Release|Any CPU
	EndGlobalSection
	GlobalSection(SolutionProperties) = preSolution
		HideSolutionNode = FALSE
	EndGlobalSection
	GlobalSection(ProjectConfigurationPlatforms) = postSolution
		{66667511-82B7-4ABD-8732-195F64E13A5D}.Debug|Any CPU.ActiveCfg = Debug|Any CPU
		{66667511-82B7-4ABD-8732-195F64E13A5D}.Debug|Any CPU.Build.0 = Debug|Any CPU
		{66667511-82B7-4ABD-8732-195F64E13A5D}.Release|Any CPU.ActiveCfg = Release|Any CPU
		{66667511-82B7-4ABD-8732-195F64E13A5D}.Release|Any CPU.Build.0 = Release|Any CPU
		{6B765753-F36E-4091-A9F7-5DF0D8636A76}.Debug|Any CPU.ActiveCfg = Debug|Any CPU
		{6B765753-F36E-4091-A9F7-5DF0D8636A76}.Debug|Any CPU.Build.0 = Debug|Any CPU
		{6B765753-F36E-4091-A9F7-5DF0D8636A76}.Release|Any CPU.ActiveCfg = Release|Any CPU
		{6B765753-F36E-4091-A9F7-5DF0D8636A76}.Release|Any CPU.Build.0 = Release|Any CPU
		{7E23292D-10A6-491C-9467-E42BBCD04DD1}.Debug|Any CPU.ActiveCfg = Debug|Any CPU
		{7E23292D-10A6-491C-9467-E42BBCD04DD1}.Debug|Any CPU.Build.0 = Debug|Any CPU
		{7E23292D-10A6-491C-9467-E42BBCD04DD1}.Release|Any CPU.ActiveCfg = Release|Any CPU
		{7E23292D-10A6-491C-9467-E42BBCD04DD1}.Release|Any CPU.Build.0 = Release|Any CPU
		{CFA379BF-AB87-460F-9632-CE5A5749F1FF}.Debug|Any CPU.ActiveCfg = Debug|Any CPU
		{CFA379BF-AB87-460F-9632-CE5A5749F1FF}.Debug|Any CPU.Build.0 = Debug|Any CPU
		{CFA379BF-AB87-460F-9632-CE5A5749F1FF}.Release|Any CPU.ActiveCfg = Release|Any CPU
		{CFA379BF-AB87-460F-9632-CE5A5749F1FF}.Release|Any CPU.Build.0 = Release|Any CPU
		{44154BE3-8A59-4009-84C8-33FFE85C8624}.Debug|Any CPU.ActiveCfg = Debug|Any CPU
		{44154BE3-8A59-4009-84C8-33FFE85C8624}.Debug|Any CPU.Build.0 = Debug|Any CPU
		{44154BE3-8A59-4009-84C8-33FFE85C8624}.Release|Any CPU.ActiveCfg = Release|Any CPU
		{44154BE3-8A59-4009-84C8-33FFE85C8624}.Release|Any CPU.Build.0 = Release|Any CPU
		{57DED2A0-A6A3-4660-9F22-AAEB73CF39DC}.Debug|Any CPU.ActiveCfg = Debug|Any CPU
		{57DED2A0-A6A3-4660-9F22-AAEB73CF39DC}.Debug|Any CPU.Build.0 = Debug|Any CPU
		{57DED2A0-A6A3-4660-9F22-AAEB73CF39DC}.Release|Any CPU.ActiveCfg = Release|Any CPU
		{57DED2A0-A6A3-4660-9F22-AAEB73CF39DC}.Release|Any CPU.Build.0 = Release|Any CPU
		{BBA9B39B-3858-4D79-B8E1-5FB6A7F7D109}.Debug|Any CPU.ActiveCfg = Debug|Any CPU
		{BBA9B39B-3858-4D79-B8E1-5FB6A7F7D109}.Debug|Any CPU.Build.0 = Debug|Any CPU
		{BBA9B39B-3858-4D79-B8E1-5FB6A7F7D109}.Release|Any CPU.ActiveCfg = Release|Any CPU
		{BBA9B39B-3858-4D79-B8E1-5FB6A7F7D109}.Release|Any CPU.Build.0 = Release|Any CPU
		{1E7B7511-5825-4CD4-B0DC-82FCD0C0EB78}.Debug|Any CPU.ActiveCfg = Debug|Any CPU
		{1E7B7511-5825-4CD4-B0DC-82FCD0C0EB78}.Debug|Any CPU.Build.0 = Debug|Any CPU
		{1E7B7511-5825-4CD4-B0DC-82FCD0C0EB78}.Release|Any CPU.ActiveCfg = Release|Any CPU
		{1E7B7511-5825-4CD4-B0DC-82FCD0C0EB78}.Release|Any CPU.Build.0 = Release|Any CPU
		{8EB22C77-C861-4195-B78F-DF128AF96C95}.Debug|Any CPU.ActiveCfg = Debug|Any CPU
		{8EB22C77-C861-4195-B78F-DF128AF96C95}.Debug|Any CPU.Build.0 = Debug|Any CPU
		{8EB22C77-C861-4195-B78F-DF128AF96C95}.Release|Any CPU.ActiveCfg = Release|Any CPU
		{8EB22C77-C861-4195-B78F-DF128AF96C95}.Release|Any CPU.Build.0 = Release|Any CPU
		{BE27402B-A44A-4878-817C-ED51B294ABC3}.Debug|Any CPU.ActiveCfg = Debug|Any CPU
		{BE27402B-A44A-4878-817C-ED51B294ABC3}.Debug|Any CPU.Build.0 = Debug|Any CPU
		{BE27402B-A44A-4878-817C-ED51B294ABC3}.Release|Any CPU.ActiveCfg = Release|Any CPU
		{BE27402B-A44A-4878-817C-ED51B294ABC3}.Release|Any CPU.Build.0 = Release|Any CPU
		{CDAA579E-5E75-4DB5-A022-A4E52CE329E2}.Debug|Any CPU.ActiveCfg = Debug|Any CPU
		{CDAA579E-5E75-4DB5-A022-A4E52CE329E2}.Debug|Any CPU.Build.0 = Debug|Any CPU
		{CDAA579E-5E75-4DB5-A022-A4E52CE329E2}.Release|Any CPU.ActiveCfg = Release|Any CPU
		{CDAA579E-5E75-4DB5-A022-A4E52CE329E2}.Release|Any CPU.Build.0 = Release|Any CPU
		{32C06928-C042-477C-962A-E261EA1AD472}.Debug|Any CPU.ActiveCfg = Debug|Any CPU
		{32C06928-C042-477C-962A-E261EA1AD472}.Debug|Any CPU.Build.0 = Debug|Any CPU
		{32C06928-C042-477C-962A-E261EA1AD472}.Release|Any CPU.ActiveCfg = Release|Any CPU
		{32C06928-C042-477C-962A-E261EA1AD472}.Release|Any CPU.Build.0 = Release|Any CPU
		{FC5BAA57-4374-4C24-BAF7-CD27D119475E}.Debug|Any CPU.ActiveCfg = Debug|Any CPU
		{FC5BAA57-4374-4C24-BAF7-CD27D119475E}.Debug|Any CPU.Build.0 = Debug|Any CPU
		{FC5BAA57-4374-4C24-BAF7-CD27D119475E}.Release|Any CPU.ActiveCfg = Release|Any CPU
		{FC5BAA57-4374-4C24-BAF7-CD27D119475E}.Release|Any CPU.Build.0 = Release|Any CPU
		{B5CE93E1-075A-4772-A29C-0764824C24CE}.Debug|Any CPU.ActiveCfg = Debug|Any CPU
		{B5CE93E1-075A-4772-A29C-0764824C24CE}.Debug|Any CPU.Build.0 = Debug|Any CPU
		{B5CE93E1-075A-4772-A29C-0764824C24CE}.Release|Any CPU.ActiveCfg = Release|Any CPU
		{B5CE93E1-075A-4772-A29C-0764824C24CE}.Release|Any CPU.Build.0 = Release|Any CPU
		{90684A18-EC92-47BF-905B-661343106CB6}.Debug|Any CPU.ActiveCfg = Debug|Any CPU
		{90684A18-EC92-47BF-905B-661343106CB6}.Debug|Any CPU.Build.0 = Debug|Any CPU
		{90684A18-EC92-47BF-905B-661343106CB6}.Release|Any CPU.ActiveCfg = Release|Any CPU
		{90684A18-EC92-47BF-905B-661343106CB6}.Release|Any CPU.Build.0 = Release|Any CPU
		{7BBF2657-E9B9-4C36-9101-31EDC20F76A1}.Debug|Any CPU.ActiveCfg = Debug|Any CPU
		{7BBF2657-E9B9-4C36-9101-31EDC20F76A1}.Debug|Any CPU.Build.0 = Debug|Any CPU
		{7BBF2657-E9B9-4C36-9101-31EDC20F76A1}.Release|Any CPU.ActiveCfg = Release|Any CPU
		{7BBF2657-E9B9-4C36-9101-31EDC20F76A1}.Release|Any CPU.Build.0 = Release|Any CPU
		{01013D6B-6F8A-4362-A306-4D1BDECCDC12}.Debug|Any CPU.ActiveCfg = Debug|Any CPU
		{01013D6B-6F8A-4362-A306-4D1BDECCDC12}.Debug|Any CPU.Build.0 = Debug|Any CPU
		{01013D6B-6F8A-4362-A306-4D1BDECCDC12}.Release|Any CPU.ActiveCfg = Release|Any CPU
		{01013D6B-6F8A-4362-A306-4D1BDECCDC12}.Release|Any CPU.Build.0 = Release|Any CPU
		{E3CF8FCC-294D-47DF-BBA1-AF11F106FA67}.Debug|Any CPU.ActiveCfg = Debug|Any CPU
		{E3CF8FCC-294D-47DF-BBA1-AF11F106FA67}.Debug|Any CPU.Build.0 = Debug|Any CPU
		{E3CF8FCC-294D-47DF-BBA1-AF11F106FA67}.Release|Any CPU.ActiveCfg = Release|Any CPU
		{E3CF8FCC-294D-47DF-BBA1-AF11F106FA67}.Release|Any CPU.Build.0 = Release|Any CPU
		{5B2FD55D-D876-4179-BCC9-5253AA4F8AD7}.Debug|Any CPU.ActiveCfg = Debug|Any CPU
		{5B2FD55D-D876-4179-BCC9-5253AA4F8AD7}.Debug|Any CPU.Build.0 = Debug|Any CPU
		{5B2FD55D-D876-4179-BCC9-5253AA4F8AD7}.Release|Any CPU.ActiveCfg = Release|Any CPU
		{5B2FD55D-D876-4179-BCC9-5253AA4F8AD7}.Release|Any CPU.Build.0 = Release|Any CPU
		{D52ACAD0-F5EB-4F6C-AD38-C6F53B80C200}.Debug|Any CPU.ActiveCfg = Debug|Any CPU
		{D52ACAD0-F5EB-4F6C-AD38-C6F53B80C200}.Debug|Any CPU.Build.0 = Debug|Any CPU
		{D52ACAD0-F5EB-4F6C-AD38-C6F53B80C200}.Release|Any CPU.ActiveCfg = Release|Any CPU
		{D52ACAD0-F5EB-4F6C-AD38-C6F53B80C200}.Release|Any CPU.Build.0 = Release|Any CPU
	EndGlobalSection
EndGlobal
